
Microsoft Visual Studio Solution File, Format Version 12.00
# Visual Studio Version 17
VisualStudioVersion = 17.7.34031.279
MinimumVisualStudioVersion = 10.0.40219.1
Project("{FAE04EC0-301F-11D3-BF4B-00C04F79EFBC}") = "ConsoleCompiler", "ConsoleCompiler\ConsoleCompiler.csproj", "{40958A08-108C-4519-B9A1-BBDCF07135F6}"
EndProject
Global
	GlobalSection(SolutionConfigurationPlatforms) = preSolution
		Debug|Any CPU = Debug|Any CPU
		Release|Any CPU = Release|Any CPU
	EndGlobalSection
	GlobalSection(ProjectConfigurationPlatforms) = postSolution
		{40958A08-108C-4519-B9A1-BBDCF07135F6}.Debug|Any CPU.ActiveCfg = Debug|Any CPU
		{40958A08-108C-4519-B9A1-BBDCF07135F6}.Debug|Any CPU.Build.0 = Debug|Any CPU
		{40958A08-108C-4519-B9A1-BBDCF07135F6}.Release|Any CPU.ActiveCfg = Release|Any CPU
		{40958A08-108C-4519-B9A1-BBDCF07135F6}.Release|Any CPU.Build.0 = Release|Any CPU
	EndGlobalSection
	GlobalSection(SolutionProperties) = preSolution
		HideSolutionNode = FALSE
	EndGlobalSection
	GlobalSection(ExtensibilityGlobals) = postSolution
		SolutionGuid = {27CC58CE-134B-43EE-B0B6-7F6838BA6C3F}
	EndGlobalSection
EndGlobal
